Microsoft Visual Studio Solution File, Format Version 11.00
# Visual Studio 2008

Project("{5D0CAFD1-1446-9D9A-FA4A-CD03063EDA95}") = "COMP305-F2016-Lesson10A", "Assembly-CSharp.csproj", "{87ACAAB5-1167-CC78-E5E8-F2793A775B48}"
EndProject
Project("{5D0CAFD1-1446-9D9A-FA4A-CD03063EDA95}") = "COMP305-F2016-Lesson10A", "Assembly-CSharp-Editor.csproj", "{83F56FEC-F8E4-6CC7-2513-C98A1C1C74E9}"
EndProject
Global
	GlobalSection(SolutionConfigurationPlatforms) = preSolution
		Debug|Any CPU = Debug|Any CPU
		Release|Any CPU = Release|Any CPU
	EndGlobalSection
	GlobalSection(ProjectConfigurationPlatforms) = postSolution
		{87ACAAB5-1167-CC78-E5E8-F2793A775B48}.Debug|Any CPU.ActiveCfg = Debug|Any CPU
		{87ACAAB5-1167-CC78-E5E8-F2793A775B48}.Debug|Any CPU.Build.0 = Debug|Any CPU
		{87ACAAB5-1167-CC78-E5E8-F2793A775B48}.Release|Any CPU.ActiveCfg = Release|Any CPU
		{87ACAAB5-1167-CC78-E5E8-F2793A775B48}.Release|Any CPU.Build.0 = Release|Any CPU
		{83F56FEC-F8E4-6CC7-2513-C98A1C1C74E9}.Debug|Any CPU.ActiveCfg = Debug|Any CPU
		{83F56FEC-F8E4-6CC7-2513-C98A1C1C74E9}.Debug|Any CPU.Build.0 = Debug|Any CPU
		{83F56FEC-F8E4-6CC7-2513-C98A1C1C74E9}.Release|Any CPU.ActiveCfg = Release|Any CPU
		{83F56FEC-F8E4-6CC7-2513-C98A1C1C74E9}.Release|Any CPU.Build.0 = Release|Any CPU
	EndGlobalSection
	GlobalSection(SolutionProperties) = preSolution
		HideSolutionNode = FALSE
	EndGlobalSection
	GlobalSection(MonoDevelopProperties) = preSolution
		StartupItem = Assembly-CSharp.csproj
	EndGlobalSection
EndGlobal
